
Microsoft Visual Studio Solution File, Format Version 12.00
# Visual Studio Version 16
VisualStudioVersion = 16.0.810.6
MinimumVisualStudioVersion = 10.0.40219.1
Project("{FAE04EC0-301F-11D3-BF4B-00C04F79EFBC}") = "Fsm-Blackjack", "Fsm-Blackjack\Fsm-Blackjack.csproj", "{1B71EF3F-F351-4B61-A0D7-183A6A9D78B1}"
EndProject
Global
	GlobalSection(SolutionConfigurationPlatforms) = preSolution
		Debug|Any CPU = Debug|Any CPU
		Release|Any CPU = Release|Any CPU
	EndGlobalSection
	GlobalSection(ProjectConfigurationPlatforms) = postSolution
		{1B71EF3F-F351-4B61-A0D7-183A6A9D78B1}.Debug|Any CPU.ActiveCfg = Debug|Any CPU
		{1B71EF3F-F351-4B61-A0D7-183A6A9D78B1}.Debug|Any CPU.Build.0 = Debug|Any CPU
		{1B71EF3F-F351-4B61-A0D7-183A6A9D78B1}.Release|Any CPU.ActiveCfg = Release|Any CPU
		{1B71EF3F-F351-4B61-A0D7-183A6A9D78B1}.Release|Any CPU.Build.0 = Release|Any CPU
	EndGlobalSection
	GlobalSection(SolutionProperties) = preSolution
		HideSolutionNode = FALSE
	EndGlobalSection
	GlobalSection(ExtensibilityGlobals) = postSolution
		SolutionGuid = {3B4B8E27-0755-49E5-8E27-9A9574CDC35F}
	EndGlobalSection
EndGlobal
